
Microsoft Visual Studio Solution File, Format Version 12.00
# Visual Studio Version 17
VisualStudioVersion = 17.1.32228.430
MinimumVisualStudioVersion = 10.0.40219.1
Project("{FAE04EC0-301F-11D3-BF4B-00C04F79EFBC}") = "ChatRoom", "ChatRoom\ChatRoom.csproj", "{41E4B474-5D73-4D37-8FC0-D4D48FD2D21C}"
EndProject
Project("{00D1A9C2-B5F0-4AF3-8072-F6C62B433612}") = "ChatRoom.DataBase", "ChatRoom.DataBase\ChatRoom.DataBase.sqlproj", "{7FE566A8-33D9-4775-AE01-D2423B1DF539}"
EndProject
Project("{FAE04EC0-301F-11D3-BF4B-00C04F79EFBC}") = "ChatRoom.Domain", "ChatRoom.Domain\ChatRoom.Domain.csproj", "{8899A6D7-E7EF-41E9-A1F8-BF2D4C3628E6}"
EndProject
Project("{FAE04EC0-301F-11D3-BF4B-00C04F79EFBC}") = "ChatRoom.Persistent", "ChatRoom.Persistent\ChatRoom.Persistent.csproj", "{AABDCEA0-28EB-4256-B60F-146D03FE7CAD}"
EndProject
Project("{FAE04EC0-301F-11D3-BF4B-00C04F79EFBC}") = "ChatRoom.Persistent.Tests", "ChatRoom.Persistent.Tests\ChatRoom.Persistent.Tests.csproj", "{099B7915-1DBE-4FEB-9398-000D24F34A5F}"
EndProject
Project("{FAE04EC0-301F-11D3-BF4B-00C04F79EFBC}") = "ChatRoom.Server", "ChatRoom.Server\ChatRoom.Server.csproj", "{F6F99581-66B5-4EDD-A559-23F31F1543D0}"
EndProject
Project("{FAE04EC0-301F-11D3-BF4B-00C04F79EFBC}") = "ChatRoom.Client", "ChatRoom.Client\ChatRoom.Client.csproj", "{3E220206-4513-4736-AC89-4A0D16ACF611}"
EndProject
Project("{FAE04EC0-301F-11D3-BF4B-00C04F79EFBC}") = "ChatRoom.Backstage", "ChatRoom.Backstage\ChatRoom.Backstage.csproj", "{418BD95A-00C1-46E6-9D5E-5521E2B1BF7B}"
EndProject
Global
	GlobalSection(SolutionConfigurationPlatforms) = preSolution
		Debug|Any CPU = Debug|Any CPU
		Release|Any CPU = Release|Any CPU
	EndGlobalSection
	GlobalSection(ProjectConfigurationPlatforms) = postSolution
		{41E4B474-5D73-4D37-8FC0-D4D48FD2D21C}.Debug|Any CPU.ActiveCfg = Debug|Any CPU
		{41E4B474-5D73-4D37-8FC0-D4D48FD2D21C}.Debug|Any CPU.Build.0 = Debug|Any CPU
		{41E4B474-5D73-4D37-8FC0-D4D48FD2D21C}.Release|Any CPU.ActiveCfg = Release|Any CPU
		{41E4B474-5D73-4D37-8FC0-D4D48FD2D21C}.Release|Any CPU.Build.0 = Release|Any CPU
		{7FE566A8-33D9-4775-AE01-D2423B1DF539}.Debug|Any CPU.ActiveCfg = Debug|Any CPU
		{7FE566A8-33D9-4775-AE01-D2423B1DF539}.Debug|Any CPU.Build.0 = Debug|Any CPU
		{7FE566A8-33D9-4775-AE01-D2423B1DF539}.Debug|Any CPU.Deploy.0 = Debug|Any CPU
		{7FE566A8-33D9-4775-AE01-D2423B1DF539}.Release|Any CPU.ActiveCfg = Release|Any CPU
		{7FE566A8-33D9-4775-AE01-D2423B1DF539}.Release|Any CPU.Build.0 = Release|Any CPU
		{7FE566A8-33D9-4775-AE01-D2423B1DF539}.Release|Any CPU.Deploy.0 = Release|Any CPU
		{8899A6D7-E7EF-41E9-A1F8-BF2D4C3628E6}.Debug|Any CPU.ActiveCfg = Debug|Any CPU
		{8899A6D7-E7EF-41E9-A1F8-BF2D4C3628E6}.Debug|Any CPU.Build.0 = Debug|Any CPU
		{8899A6D7-E7EF-41E9-A1F8-BF2D4C3628E6}.Release|Any CPU.ActiveCfg = Release|Any CPU
		{8899A6D7-E7EF-41E9-A1F8-BF2D4C3628E6}.Release|Any CPU.Build.0 = Release|Any CPU
		{AABDCEA0-28EB-4256-B60F-146D03FE7CAD}.Debug|Any CPU.ActiveCfg = Debug|Any CPU
		{AABDCEA0-28EB-4256-B60F-146D03FE7CAD}.Debug|Any CPU.Build.0 = Debug|Any CPU
		{AABDCEA0-28EB-4256-B60F-146D03FE7CAD}.Release|Any CPU.ActiveCfg = Release|Any CPU
		{AABDCEA0-28EB-4256-B60F-146D03FE7CAD}.Release|Any CPU.Build.0 = Release|Any CPU
		{099B7915-1DBE-4FEB-9398-000D24F34A5F}.Debug|Any CPU.ActiveCfg = Debug|Any CPU
		{099B7915-1DBE-4FEB-9398-000D24F34A5F}.Debug|Any CPU.Build.0 = Debug|Any CPU
		{099B7915-1DBE-4FEB-9398-000D24F34A5F}.Release|Any CPU.ActiveCfg = Release|Any CPU
		{099B7915-1DBE-4FEB-9398-000D24F34A5F}.Release|Any CPU.Build.0 = Release|Any CPU
		{F6F99581-66B5-4EDD-A559-23F31F1543D0}.Debug|Any CPU.ActiveCfg = Debug|Any CPU
		{F6F99581-66B5-4EDD-A559-23F31F1543D0}.Debug|Any CPU.Build.0 = Debug|Any CPU
		{F6F99581-66B5-4EDD-A559-23F31F1543D0}.Release|Any CPU.ActiveCfg = Release|Any CPU
		{F6F99581-66B5-4EDD-A559-23F31F1543D0}.Release|Any CPU.Build.0 = Release|Any CPU
		{3E220206-4513-4736-AC89-4A0D16ACF611}.Debug|Any CPU.ActiveCfg = Debug|Any CPU
		{3E220206-4513-4736-AC89-4A0D16ACF611}.Debug|Any CPU.Build.0 = Debug|Any CPU
		{3E220206-4513-4736-AC89-4A0D16ACF611}.Release|Any CPU.ActiveCfg = Release|Any CPU
		{3E220206-4513-4736-AC89-4A0D16ACF611}.Release|Any CPU.Build.0 = Release|Any CPU
		{418BD95A-00C1-46E6-9D5E-5521E2B1BF7B}.Debug|Any CPU.ActiveCfg = Debug|Any CPU
		{418BD95A-00C1-46E6-9D5E-5521E2B1BF7B}.Debug|Any CPU.Build.0 = Debug|Any CPU
		{418BD95A-00C1-46E6-9D5E-5521E2B1BF7B}.Release|Any CPU.ActiveCfg = Release|Any CPU
		{418BD95A-00C1-46E6-9D5E-5521E2B1BF7B}.Release|Any CPU.Build.0 = Release|Any CPU
	EndGlobalSection
	GlobalSection(SolutionProperties) = preSolution
		HideSolutionNode = FALSE
	EndGlobalSection
	GlobalSection(ExtensibilityGlobals) = postSolution
		SolutionGuid = {7E45A9A2-20FC-4EF0-A49E-358D9F555C15}
	EndGlobalSection
EndGlobal
